// !$*UTF8*$!
{
	archiveVersion = 1;
	classes = {
	};
	objectVersion = 50;
	objects = {

/* Begin PBXBuildFile section */
		EB07B5CB22398E0B006C5317 /* AppDelegate.swift in Sources */ = {isa = PBXBuildFile; fileRef = EB07B5CA22398E0B006C5317 /* AppDelegate.swift */; };
		EB07B5CD22398E0B006C5317 /* MenuViewController.swift in Sources */ = {isa = PBXBuildFile; fileRef = EB07B5CC22398E0B006C5317 /* MenuViewController.swift */; };
		EB07B5D022398E0B006C5317 /* Main.storyboard in Resources */ = {isa = PBXBuildFile; fileRef = EB07B5CE22398E0B006C5317 /* Main.storyboard */; };
		EB07B5D222398E0C006C5317 /* Assets.xcassets in Resources */ = {isa = PBXBuildFile; fileRef = EB07B5D122398E0C006C5317 /* Assets.xcassets */; };
		EB07B5D522398E0C006C5317 /* LaunchScreen.storyboard in Resources */ = {isa = PBXBuildFile; fileRef = EB07B5D322398E0C006C5317 /* LaunchScreen.storyboard */; };
		EB07B5E522399027006C5317 /* aboutus.png in Resources */ = {isa = PBXBuildFile; fileRef = EB07B5DE22399027006C5317 /* aboutus.png */; };
		EB07B5E622399027006C5317 /* order.png in Resources */ = {isa = PBXBuildFile; fileRef = EB07B5DF22399027006C5317 /* order.png */; };
		EB07B5E722399027006C5317 /* logout.png in Resources */ = {isa = PBXBuildFile; fileRef = EB07B5E022399027006C5317 /* logout.png */; };
		EB07B5E822399027006C5317 /* home.png in Resources */ = {isa = PBXBuildFile; fileRef = EB07B5E122399027006C5317 /* home.png */; };
		EB07B5E922399027006C5317 /* help.png in Resources */ = {isa = PBXBuildFile; fileRef = EB07B5E222399027006C5317 /* help.png */; };
		EB07B5EA22399027006C5317 /* contactus.jpg in Resources */ = {isa = PBXBuildFile; fileRef = EB07B5E322399027006C5317 /* contactus.jpg */; };
		EB07B5EB22399027006C5317 /* products.png in Resources */ = {isa = PBXBuildFile; fileRef = EB07B5E422399027006C5317 /* products.png */; };
		EBD6FA19223AB6EC00AFA5DE /* Student.swift in Sources */ = {isa = PBXBuildFile; fileRef = EBD6FA18223AB6EC00AFA5DE /* Student.swift */; };
		EBD6FA1D223AB78000AFA5DE /* StudentDetailsTableViewCell.swift in Sources */ = {isa = PBXBuildFile; fileRef = EBD6FA1C223AB78000AFA5DE /* StudentDetailsTableViewCell.swift */; };
		EBD6FA1F223ABDFC00AFA5DE /* HomeViewController.swift in Sources */ = {isa = PBXBuildFile; fileRef = EBD6FA1E223ABDFC00AFA5DE /* HomeViewController.swift */; };
/* End PBXBuildFile section */

/* Begin PBXFileReference section */
		EB07B5C722398E0B006C5317 /* custome cell.app */ = {isa = PBXFileReference; explicitFileType = wrapper.application; includeInIndex = 0; path = "custome cell.app"; sourceTree = BUILT_PRODUCTS_DIR; };
		EB07B5CA22398E0B006C5317 /* AppDelegate.swift */ = {isa = PBXFileReference; lastKnownFileType = sourcecode.swift; path = AppDelegate.swift; sourceTree = "<group>"; };
		EB07B5CC22398E0B006C5317 /* MenuViewController.swift */ = {isa = PBXFileReference; lastKnownFileType = sourcecode.swift; path = MenuViewController.swift; sourceTree = "<group>"; };
		EB07B5CF22398E0B006C5317 /* Base */ = {isa = PBXFileReference; lastKnownFileType = file.storyboard; name = Base; path = Base.lproj/Main.storyboard; sourceTree = "<group>"; };
		EB07B5D122398E0C006C5317 /* Assets.xcassets */ = {isa = PBXFileReference; lastKnownFileType = folder.assetcatalog; path = Assets.xcassets; sourceTree = "<group>"; };
		EB07B5D422398E0C006C5317 /* Base */ = {isa = PBXFileReference; lastKnownFileType = file.storyboard; name = Base; path = Base.lproj/LaunchScreen.storyboard; sourceTree = "<group>"; };
		EB07B5D622398E0C006C5317 /* Info.plist */ = {isa = PBXFileReference; lastKnownFileType = text.plist.xml; path = Info.plist; sourceTree = "<group>"; };
		EB07B5DE22399027006C5317 /* aboutus.png */ = {isa = PBXFileReference; lastKnownFileType = image.png; path = aboutus.png; sourceTree = "<group>"; };
		EB07B5DF22399027006C5317 /* order.png */ = {isa = PBXFileReference; lastKnownFileType = image.png; path = order.png; sourceTree = "<group>"; };
		EB07B5E022399027006C5317 /* logout.png */ = {isa = PBXFileReference; lastKnownFileType = image.png; path = logout.png; sourceTree = "<group>"; };
		EB07B5E122399027006C5317 /* home.png */ = {isa = PBXFileReference; lastKnownFileType = image.png; path = home.png; sourceTree = "<group>"; };
		EB07B5E222399027006C5317 /* help.png */ = {isa = PBXFileReference; lastKnownFileType = image.png; path = help.png; sourceTree = "<group>"; };
		EB07B5E322399027006C5317 /* contactus.jpg */ = {isa = PBXFileReference; lastKnownFileType = image.jpeg; path = contactus.jpg; sourceTree = "<group>"; };
		EB07B5E422399027006C5317 /* products.png */ = {isa = PBXFileReference; lastKnownFileType = image.png; path = products.png; sourceTree = "<group>"; };
		EBD6FA18223AB6EC00AFA5DE /* Student.swift */ = {isa = PBXFileReference; lastKnownFileType = sourcecode.swift; path = Student.swift; sourceTree = "<group>"; };
		EBD6FA1C223AB78000AFA5DE /* StudentDetailsTableViewCell.swift */ = {isa = PBXFileReference; lastKnownFileType = sourcecode.swift; path = StudentDetailsTableViewCell.swift; sourceTree = "<group>"; };
		EBD6FA1E223ABDFC00AFA5DE /* HomeViewController.swift */ = {isa = PBXFileReference; lastKnownFileType = sourcecode.swift; path = HomeViewController.swift; sourceTree = "<group>"; };
/* End PBXFileReference section */

/* Begin PBXFrameworksBuildPhase section */
		EB07B5C422398E0B006C5317 /* Frameworks */ = {
			isa = PBXFrameworksBuildPhase;
			buildActionMask = 2147483647;
			files = (
			);
			runOnlyForDeploymentPostprocessing = 0;
		};
/* End PBXFrameworksBuildPhase section */

/* Begin PBXGroup section */
		EB07B5BE22398E0B006C5317 = {
			isa = PBXGroup;
			children = (
				EB07B5C922398E0B006C5317 /* custome cell */,
				EB07B5C822398E0B006C5317 /* Products */,
			);
			sourceTree = "<group>";
		};
		EB07B5C822398E0B006C5317 /* Products */ = {
			isa = PBXGroup;
			children = (
				EB07B5C722398E0B006C5317 /* custome cell.app */,
			);
			name = Products;
			sourceTree = "<group>";
		};
		EB07B5C922398E0B006C5317 /* custome cell */ = {
			isa = PBXGroup;
			children = (
				EBD6FA1B223AB75200AFA5DE /* custome cell */,
				EBD6FA17223AB6DE00AFA5DE /* modal */,
				EB07B5CA22398E0B006C5317 /* AppDelegate.swift */,
				EB07B5CC22398E0B006C5317 /* MenuViewController.swift */,
				EB07B5CE22398E0B006C5317 /* Main.storyboard */,
				EB07B5D122398E0C006C5317 /* Assets.xcassets */,
				EB07B5DC22399027006C5317 /* Images */,
				EB07B5D322398E0C006C5317 /* LaunchScreen.storyboard */,
				EB07B5D622398E0C006C5317 /* Info.plist */,
				EBD6FA1E223ABDFC00AFA5DE /* HomeViewController.swift */,
			);
			path = "custome cell";
			sourceTree = "<group>";
		};
		EB07B5DC22399027006C5317 /* Images */ = {
			isa = PBXGroup;
			children = (
				EB07B5DD22399027006C5317 /* Menu */,
			);
			path = Images;
			sourceTree = "<group>";
		};
		EB07B5DD22399027006C5317 /* Menu */ = {
			isa = PBXGroup;
			children = (
				EB07B5DE22399027006C5317 /* aboutus.png */,
				EB07B5DF22399027006C5317 /* order.png */,
				EB07B5E022399027006C5317 /* logout.png */,
				EB07B5E122399027006C5317 /* home.png */,
				EB07B5E222399027006C5317 /* help.png */,
				EB07B5E322399027006C5317 /* contactus.jpg */,
				EB07B5E422399027006C5317 /* products.png */,
			);
			path = Menu;
			sourceTree = "<group>";
		};
		EBD6FA17223AB6DE00AFA5DE /* modal */ = {
			isa = PBXGroup;
			children = (
				EBD6FA18223AB6EC00AFA5DE /* Student.swift */,
			);
			path = modal;
			sourceTree = "<group>";
		};
		EBD6FA1B223AB75200AFA5DE /* custome cell */ = {
			isa = PBXGroup;
			children = (
				EBD6FA1C223AB78000AFA5DE /* StudentDetailsTableViewCell.swift */,
			);
			path = "custome cell";
			sourceTree = "<group>";
		};
/* End PBXGroup section */

/* Begin PBXNativeTarget section */
		EB07B5C622398E0B006C5317 /* custome cell */ = {
			isa = PBXNativeTarget;
			buildConfigurationList = EB07B5D922398E0C006C5317 /* Build configuration list for PBXNativeTarget "custome cell" */;
			buildPhases = (
				EB07B5C322398E0B006C5317 /* Sources */,
				EB07B5C422398E0B006C5317 /* Frameworks */,
				EB07B5C522398E0B006C5317 /* Resources */,
			);
			buildRules = (
			);
			dependencies = (
			);
			name = "custome cell";
			productName = "custome cell";
			productReference = EB07B5C722398E0B006C5317 /* custome cell.app */;
			productType = "com.apple.product-type.application";
		};
/* End PBXNativeTarget section */

/* Begin PBXProject section */
		EB07B5BF22398E0B006C5317 /* Project object */ = {
			isa = PBXProject;
			attributes = {
				LastSwiftUpdateCheck = 1010;
				LastUpgradeCheck = 1010;
				ORGANIZATIONNAME = Owner;
				TargetAttributes = {
					EB07B5C622398E0B006C5317 = {
						CreatedOnToolsVersion = 10.1;
					};
				};
			};
			buildConfigurationList = EB07B5C222398E0B006C5317 /* Build configuration list for PBXProject "custome cell" */;
			compatibilityVersion = "Xcode 9.3";
			developmentRegion = en;
			hasScannedForEncodings = 0;
			knownRegions = (
				en,
				Base,
			);
			mainGroup = EB07B5BE22398E0B006C5317;
			productRefGroup = EB07B5C822398E0B006C5317 /* Products */;
			projectDirPath = "";
			projectRoot = "";
			targets = (
				EB07B5C622398E0B006C5317 /* custome cell */,
			);
		};
/* End PBXProject section */

/* Begin PBXResourcesBuildPhase section */
		EB07B5C522398E0B006C5317 /* Resources */ = {
			isa = PBXResourcesBuildPhase;
			buildActionMask = 2147483647;
			files = (
				EB07B5D522398E0C006C5317 /* LaunchScreen.storyboard in Resources */,
				EB07B5E522399027006C5317 /* aboutus.png in Resources */,
				EB07B5E822399027006C5317 /* home.png in Resources */,
				EB07B5D222398E0C006C5317 /* Assets.xcassets in Resources */,
				EB07B5EA22399027006C5317 /* contactus.jpg in Resources */,
				EB07B5E922399027006C5317 /* help.png in Resources */,
				EB07B5D022398E0B006C5317 /* Main.storyboard in Resources */,
				EB07B5EB22399027006C5317 /* products.png in Resources */,
				EB07B5E622399027006C5317 /* order.png in Resources */,
				EB07B5E722399027006C5317 /* logout.png in Resources */,
			);
			runOnlyForDeploymentPostprocessing = 0;
		};
/* End PBXResourcesBuildPhase section */

/* Begin PBXSourcesBuildPhase section */
		EB07B5C322398E0B006C5317 /* Sources */ = {
			isa = PBXSourcesBuildPhase;
			buildActionMask = 2147483647;
			files = (
				EBD6FA1F223ABDFC00AFA5DE /* HomeViewController.swift in Sources */,
				EBD6FA1D223AB78000AFA5DE /* StudentDetailsTableViewCell.swift in Sources */,
				EB07B5CD22398E0B006C5317 /* MenuViewController.swift in Sources */,
				EB07B5CB22398E0B006C5317 /* AppDelegate.swift in Sources */,
				EBD6FA19223AB6EC00AFA5DE /* Student.swift in Sources */,
			);
			runOnlyForDeploymentPostprocessing = 0;
		};
/* End PBXSourcesBuildPhase section */

/* Begin PBXVariantGroup section */
		EB07B5CE22398E0B006C5317 /* Main.storyboard */ = {
			isa = PBXVariantGroup;
			children = (
				EB07B5CF22398E0B006C5317 /* Base */,
			);
			name = Main.storyboard;
			sourceTree = "<group>";
		};
		EB07B5D322398E0C006C5317 /* LaunchScreen.storyboard */ = {
			isa = PBXVariantGroup;
			children = (
				EB07B5D422398E0C006C5317 /* Base */,
			);
			name = LaunchScreen.storyboard;
			sourceTree = "<group>";
		};
/* End PBXVariantGroup section */

/* Begin XCBuildConfiguration section */
		EB07B5D722398E0C006C5317 /* Debug */ = {
			isa = XCBuildConfiguration;
			buildSettings = {
				ALWAYS_SEARCH_USER_PATHS = NO;
				CLANG_ANALYZER_NONNULL = YES;
				CLANG_ANALYZER_NUMBER_OBJECT_CONVERSION = YES_AGGRESSIVE;
				CLANG_CXX_LANGUAGE_STANDARD = "gnu++14";
				CLANG_CXX_LIBRARY = "libc++";
				CLANG_ENABLE_MODULES = YES;
				CLANG_ENABLE_OBJC_ARC = YES;
				CLANG_ENABLE_OBJC_WEAK = YES;
				CLANG_WARN_BLOCK_CAPTURE_AUTORELEASING = YES;
				CLANG_WARN_BOOL_CONVERSION = YES;
				CLANG_WARN_COMMA = YES;
				CLANG_WARN_CONSTANT_CONVERSION = YES;
				CLANG_WARN_DEPRECATED_OBJC_IMPLEMENTATIONS = YES;
				CLANG_WARN_DIRECT_OBJC_ISA_USAGE = YES_ERROR;
				CLANG_WARN_DOCUMENTATION_COMMENTS = YES;
				CLANG_WARN_EMPTY_BODY = YES;
				CLANG_WARN_ENUM_CONVERSION = YES;
				CLANG_WARN_INFINITE_RECURSION = YES;
				CLANG_WARN_INT_CONVERSION = YES;
				CLANG_WARN_NON_LITERAL_NULL_CONVERSION = YES;
				CLANG_WARN_OBJC_IMPLICIT_RETAIN_SELF = YES;
				CLANG_WARN_OBJC_LITERAL_CONVERSION = YES;
				CLANG_WARN_OBJC_ROOT_CLASS = YES_ERROR;
				CLANG_WARN_RANGE_LOOP_ANALYSIS = YES;
				CLANG_WARN_STRICT_PROTOTYPES = YES;
				CLANG_WARN_SUSPICIOUS_MOVE = YES;
				CLANG_WARN_UNGUARDED_AVAILABILITY = YES_AGGRESSIVE;
				CLANG_WARN_UNREACHABLE_CODE = YES;
				CLANG_WARN__DUPLICATE_METHOD_MATCH = YES;
				CODE_SIGN_IDENTITY = "iPhone Developer";
				COPY_PHASE_STRIP = NO;
				DEBUG_INFORMATION_FORMAT = dwarf;
				ENABLE_STRICT_OBJC_MSGSEND = YES;
				ENABLE_TESTABILITY = YES;
				GCC_C_LANGUAGE_STANDARD = gnu11;
				GCC_DYNAMIC_NO_PIC = NO;
				GCC_NO_COMMON_BLOCKS = YES;
				GCC_OPTIMIZATION_LEVEL = 0;
				GCC_PREPROCESSOR_DEFINITIONS = (
					"DEBUG=1",
					"$(inherited)",
				);
				GCC_WARN_64_TO_32_BIT_CONVERSION = YES;
				GCC_WARN_ABOUT_RETURN_TYPE = YES_ERROR;
				GCC_WARN_UNDECLARED_SELECTOR = YES;
				GCC_WARN_UNINITIALIZED_AUTOS = YES_AGGRESSIVE;
				GCC_WARN_UNUSED_FUNCTION = YES;
				GCC_WARN_UNUSED_VARIABLE = YES;
				IPHONEOS_DEPLOYMENT_TARGET = 12.1;
				MTL_ENABLE_DEBUG_INFO = INCLUDE_SOURCE;
				MTL_FAST_MATH = YES;
				ONLY_ACTIVE_ARCH = YES;
				SDKROOT = iphoneos;
				SWIFT_ACTIVE_COMPILATION_CONDITIONS = DEBUG;
				SWIFT_OPTIMIZATION_LEVEL = "-Onone";
			};
			name = Debug;
		};
		EB07B5D822398E0C006C5317 /* Release */ = {
			isa = XCBuildConfiguration;
			buildSettings = {
				ALWAYS_SEARCH_USER_PATHS = NO;
				CLANG_ANALYZER_NONNULL = YES;
				CLANG_ANALYZER_NUMBER_OBJECT_CONVERSION = YES_AGGRESSIVE;
				CLANG_CXX_LANGUAGE_STANDARD = "gnu++14";
				CLANG_CXX_LIBRARY = "libc++";
				CLANG_ENABLE_MODULES = YES;
				CLANG_ENABLE_OBJC_ARC = YES;
				CLANG_ENABLE_OBJC_WEAK = YES;
				CLANG_WARN_BLOCK_CAPTURE_AUTORELEASING = YES;
				CLANG_WARN_BOOL_CONVERSION = YES;
				CLANG_WARN_COMMA = YES;
				CLANG_WARN_CONSTANT_CONVERSION = YES;
				CLANG_WARN_DEPRECATED_OBJC_IMPLEMENTATIONS = YES;
				CLANG_WARN_DIRECT_OBJC_ISA_USAGE = YES_ERROR;
				CLANG_WARN_DOCUMENTATION_COMMENTS = YES;
				CLANG_WARN_EMPTY_BODY = YES;
				CLANG_WARN_ENUM_CONVERSION = YES;
				CLANG_WARN_INFINITE_RECURSION = YES;
				CLANG_WARN_INT_CONVERSION = YES;
				CLANG_WARN_NON_LITERAL_NULL_CONVERSION = YES;
				CLANG_WARN_OBJC_IMPLICIT_RETAIN_SELF = YES;
				CLANG_WARN_OBJC_LITERAL_CONVERSION = YES;
				CLANG_WARN_OBJC_ROOT_CLASS = YES_ERROR;
				CLANG_WARN_RANGE_LOOP_ANALYSIS = YES;
				CLANG_WARN_STRICT_PROTOTYPES = YES;
				CLANG_WARN_SUSPICIOUS_MOVE = YES;
				CLANG_WARN_UNGUARDED_AVAILABILITY = YES_AGGRESSIVE;
				CLANG_WARN_UNREACHABLE_CODE = YES;
				CLANG_WARN__DUPLICATE_METHOD_MATCH = YES;
				CODE_SIGN_IDENTITY = "iPhone Developer";
				COPY_PHASE_STRIP = NO;
				DEBUG_INFORMATION_FORMAT = "dwarf-with-dsym";
				ENABLE_NS_ASSERTIONS = NO;
				ENABLE_STRICT_OBJC_MSGSEND = YES;
				GCC_C_LANGUAGE_STANDARD = gnu11;
				GCC_NO_COMMON_BLOCKS = YES;
				GCC_WARN_64_TO_32_BIT_CONVERSION = YES;
				GCC_WARN_ABOUT_RETURN_TYPE = YES_ERROR;
				GCC_WARN_UNDECLARED_SELECTOR = YES;
				GCC_WARN_UNINITIALIZED_AUTOS = YES_AGGRESSIVE;
				GCC_WARN_UNUSED_FUNCTION = YES;
				GCC_WARN_UNUSED_VARIABLE = YES;
				IPHONEOS_DEPLOYMENT_TARGET = 12.1;
				MTL_ENABLE_DEBUG_INFO = NO;
				MTL_FAST_MATH = YES;
				SDKROOT = iphoneos;
				SWIFT_COMPILATION_MODE = wholemodule;
				SWIFT_OPTIMIZATION_LEVEL = "-O";
				VALIDATE_PRODUCT = YES;
			};
			name = Release;
		};
		EB07B5DA22398E0C006C5317 /* Debug */ = {
			isa = XCBuildConfiguration;
			buildSettings = {
				ASSETCATALOG_COMPILER_APPICON_NAME = AppIcon;
				CODE_SIGN_STYLE = Automatic;
				INFOPLIST_FILE = "custome cell/Info.plist";
				LD_RUNPATH_SEARCH_PATHS = (
					"$(inherited)",
					"@executable_path/Frameworks",
				);
				PRODUCT_BUNDLE_IDENTIFIER = "sam.custome-cell";
				PRODUCT_NAME = "$(TARGET_NAME)";
				SWIFT_VERSION = 4.2;
				TARGETED_DEVICE_FAMILY = "1,2";
			};
			name = Debug;
		};
		EB07B5DB22398E0C006C5317 /* Release */ = {
			isa = XCBuildConfiguration;
			buildSettings = {
				ASSETCATALOG_COMPILER_APPICON_NAME = AppIcon;
				CODE_SIGN_STYLE = Automatic;
				INFOPLIST_FILE = "custome cell/Info.plist";
				LD_RUNPATH_SEARCH_PATHS = (
					"$(inherited)",
					"@executable_path/Frameworks",
				);
				PRODUCT_BUNDLE_IDENTIFIER = "sam.custome-cell";
				PRODUCT_NAME = "$(TARGET_NAME)";
				SWIFT_VERSION = 4.2;
				TARGETED_DEVICE_FAMILY = "1,2";
			};
			name = Release;
		};
/* End XCBuildConfiguration section */

/* Begin XCConfigurationList section */
		EB07B5C222398E0B006C5317 /* Build configuration list for PBXProject "custome cell" */ = {
			isa = XCConfigurationList;
			buildConfigurations = (
				EB07B5D722398E0C006C5317 /* Debug */,
				EB07B5D822398E0C006C5317 /* Release */,
			);
			defaultConfigurationIsVisible = 0;
			defaultConfigurationName = Release;
		};
		EB07B5D922398E0C006C5317 /* Build configuration list for PBXNativeTarget "custome cell" */ = {
			isa = XCConfigurationList;
			buildConfigurations = (
				EB07B5DA22398E0C006C5317 /* Debug */,
				EB07B5DB22398E0C006C5317 /* Release */,
			);
			defaultConfigurationIsVisible = 0;
			defaultConfigurationName = Release;
		};
/* End XCConfigurationList section */
	};
	rootObject = EB07B5BF22398E0B006C5317 /* Project object */;
}
